
Microsoft Visual Studio Solution File, Format Version 11.00
# Visual Studio 2010
Project("{8BC9CEB8-8B4A-11D0-8D11-00A0C91BC942}") = "vowel_recognition", "vowel_recognition\vowel_recognition.vcxproj", "{95550667-159A-4453-9526-7580C55B9764}"
EndProject
Global
	GlobalSection(SolutionConfigurationPlatforms) = preSolution
		Debug|Win32 = Debug|Win32
		Release|Win32 = Release|Win32
	EndGlobalSection
	GlobalSection(ProjectConfigurationPlatforms) = postSolution
		{95550667-159A-4453-9526-7580C55B9764}.Debug|Win32.ActiveCfg = Debug|Win32
		{95550667-159A-4453-9526-7580C55B9764}.Debug|Win32.Build.0 = Debug|Win32
		{95550667-159A-4453-9526-7580C55B9764}.Release|Win32.ActiveCfg = Release|Win32
		{95550667-159A-4453-9526-7580C55B9764}.Release|Win32.Build.0 = Release|Win32
	EndGlobalSection
	GlobalSection(SolutionProperties) = preSolution
		HideSolutionNode = FALSE
	EndGlobalSection
EndGlobal
